
Microsoft Visual Studio Solution File, Format Version 12.00
# Visual Studio Version 16
VisualStudioVersion = 16.0.30503.244
MinimumVisualStudioVersion = 10.0.40219.1
Project("{FAE04EC0-301F-11D3-BF4B-00C04F79EFBC}") = "DentalClinic", "DentalClinic\DentalClinic.csproj", "{B6A462B9-EFB8-4081-9704-56CDE5AF3822}"
EndProject
Global
	GlobalSection(SolutionConfigurationPlatforms) = preSolution
		Debug|Any CPU = Debug|Any CPU
		Release|Any CPU = Release|Any CPU
	EndGlobalSection
	GlobalSection(ProjectConfigurationPlatforms) = postSolution
		{B6A462B9-EFB8-4081-9704-56CDE5AF3822}.Debug|Any CPU.ActiveCfg = Debug|Any CPU
		{B6A462B9-EFB8-4081-9704-56CDE5AF3822}.Debug|Any CPU.Build.0 = Debug|Any CPU
		{B6A462B9-EFB8-4081-9704-56CDE5AF3822}.Release|Any CPU.ActiveCfg = Release|Any CPU
		{B6A462B9-EFB8-4081-9704-56CDE5AF3822}.Release|Any CPU.Build.0 = Release|Any CPU
	EndGlobalSection
	GlobalSection(SolutionProperties) = preSolution
		HideSolutionNode = FALSE
	EndGlobalSection
	GlobalSection(ExtensibilityGlobals) = postSolution
		SolutionGuid = {419DB555-EFDB-4AC7-9072-2BD8E8BE5899}
	EndGlobalSection
EndGlobal
